PODS:
  - CCListView (0.1.0):
    - FLKAutoLayout
  - FLKAutoLayout (0.1.1)

DEPENDENCIES:
  - CCListView (from `./`)
  - FLKAutoLayout

EXTERNAL SOURCES:
  CCListView:
    :path: ./

SPEC CHECKSUMS:
  CCListView: 4915670a868683c69abb87b34b19a67d46e7621f
  FLKAutoLayout: 9fa39aac2903b274fbeed6be74154cdb937a04fc

COCOAPODS: 0.33.1
